
Microsoft Visual Studio Solution File, Format Version 12.00
# Visual Studio Version 17
VisualStudioVersion = 17.9.34701.34
MinimumVisualStudioVersion = 10.0.40219.1
Project("{FAE04EC0-301F-11D3-BF4B-00C04F79EFBC}") = "K1K2 Homework", "K1K2 Homework.csproj", "{6C0E1342-68D9-4361-AD1B-6F60E14241F6}"
EndProject
Global
	GlobalSection(SolutionConfigurationPlatforms) = preSolution
		Debug|Any CPU = Debug|Any CPU
		Release|Any CPU = Release|Any CPU
	EndGlobalSection
	GlobalSection(ProjectConfigurationPlatforms) = postSolution
		{6C0E1342-68D9-4361-AD1B-6F60E14241F6}.Debug|Any CPU.ActiveCfg = Debug|Any CPU
		{6C0E1342-68D9-4361-AD1B-6F60E14241F6}.Debug|Any CPU.Build.0 = Debug|Any CPU
		{6C0E1342-68D9-4361-AD1B-6F60E14241F6}.Release|Any CPU.ActiveCfg = Release|Any CPU
		{6C0E1342-68D9-4361-AD1B-6F60E14241F6}.Release|Any CPU.Build.0 = Release|Any CPU
	EndGlobalSection
	GlobalSection(SolutionProperties) = preSolution
		HideSolutionNode = FALSE
	EndGlobalSection
	GlobalSection(ExtensibilityGlobals) = postSolution
		SolutionGuid = {C8C8A6CB-508F-48E2-B70D-CD903EA84B9F}
	EndGlobalSection
EndGlobal
